
Microsoft Visual Studio Solution File, Format Version 12.00
# Visual Studio Version 16
VisualStudioVersion = 16.0.30717.126
MinimumVisualStudioVersion = 10.0.40219.1
Project("{FAE04EC0-301F-11D3-BF4B-00C04F79EFBC}") = "Final", "Final\Final.csproj", "{0A5A64C8-3EF6-4FA4-9F35-95728450E9E8}"
EndProject
Global
	GlobalSection(SolutionConfigurationPlatforms) = preSolution
		Debug|Any CPU = Debug|Any CPU
		Release|Any CPU = Release|Any CPU
	EndGlobalSection
	GlobalSection(ProjectConfigurationPlatforms) = postSolution
		{0A5A64C8-3EF6-4FA4-9F35-95728450E9E8}.Debug|Any CPU.ActiveCfg = Debug|Any CPU
		{0A5A64C8-3EF6-4FA4-9F35-95728450E9E8}.Debug|Any CPU.Build.0 = Debug|Any CPU
		{0A5A64C8-3EF6-4FA4-9F35-95728450E9E8}.Release|Any CPU.ActiveCfg = Release|Any CPU
		{0A5A64C8-3EF6-4FA4-9F35-95728450E9E8}.Release|Any CPU.Build.0 = Release|Any CPU
	EndGlobalSection
	GlobalSection(SolutionProperties) = preSolution
		HideSolutionNode = FALSE
	EndGlobalSection
	GlobalSection(ExtensibilityGlobals) = postSolution
		SolutionGuid = {E08F133C-4560-42CC-BF5D-BE30CF98AC84}
	EndGlobalSection
EndGlobal
